
Microsoft Visual Studio Solution File, Format Version 12.00
# Visual Studio Version 17
VisualStudioVersion = 17.0.31903.59
MinimumVisualStudioVersion = 10.0.40219.1
Project("{9A19103F-16F7-4668-BE54-9A1E7A4F7556}") = "eso_lang", "eso_lang\eso_lang.csproj", "{CF71C6A9-E77B-436F-B537-22B2EFFA7BB8}"
EndProject
Project("{9A19103F-16F7-4668-BE54-9A1E7A4F7556}") = "eso_lang_tests", "eso_lang_tests\eso_lang_tests.csproj", "{2B17C937-F7DA-4F25-9F0D-06809ACF7F12}"
EndProject
Project("{6EC3EE1D-3C4E-46DD-8F32-0CC8E7565705}") = "eso_lang-fsharp", "eso_lang-fsharp\eso_lang-fsharp.fsproj", "{25625375-7CBC-4863-A726-DC9598969F86}"
EndProject
Project("{FAE04EC0-301F-11D3-BF4B-00C04F79EFBC}") = "eso_lang-classes", "eso_lang-classes\eso_lang-classes.csproj", "{247E9C84-86B7-470B-936E-0D0495711BCC}"
EndProject
Global
	GlobalSection(SolutionConfigurationPlatforms) = preSolution
		Debug|Any CPU = Debug|Any CPU
		Release|Any CPU = Release|Any CPU
	EndGlobalSection
	GlobalSection(ProjectConfigurationPlatforms) = postSolution
		{CF71C6A9-E77B-436F-B537-22B2EFFA7BB8}.Debug|Any CPU.ActiveCfg = Debug|Any CPU
		{CF71C6A9-E77B-436F-B537-22B2EFFA7BB8}.Debug|Any CPU.Build.0 = Debug|Any CPU
		{CF71C6A9-E77B-436F-B537-22B2EFFA7BB8}.Release|Any CPU.ActiveCfg = Release|Any CPU
		{CF71C6A9-E77B-436F-B537-22B2EFFA7BB8}.Release|Any CPU.Build.0 = Release|Any CPU
		{2B17C937-F7DA-4F25-9F0D-06809ACF7F12}.Debug|Any CPU.ActiveCfg = Debug|Any CPU
		{2B17C937-F7DA-4F25-9F0D-06809ACF7F12}.Debug|Any CPU.Build.0 = Debug|Any CPU
		{2B17C937-F7DA-4F25-9F0D-06809ACF7F12}.Release|Any CPU.ActiveCfg = Release|Any CPU
		{2B17C937-F7DA-4F25-9F0D-06809ACF7F12}.Release|Any CPU.Build.0 = Release|Any CPU
		{25625375-7CBC-4863-A726-DC9598969F86}.Debug|Any CPU.ActiveCfg = Debug|Any CPU
		{25625375-7CBC-4863-A726-DC9598969F86}.Debug|Any CPU.Build.0 = Debug|Any CPU
		{25625375-7CBC-4863-A726-DC9598969F86}.Release|Any CPU.ActiveCfg = Release|Any CPU
		{25625375-7CBC-4863-A726-DC9598969F86}.Release|Any CPU.Build.0 = Release|Any CPU
		{247E9C84-86B7-470B-936E-0D0495711BCC}.Debug|Any CPU.ActiveCfg = Debug|Any CPU
		{247E9C84-86B7-470B-936E-0D0495711BCC}.Debug|Any CPU.Build.0 = Debug|Any CPU
		{247E9C84-86B7-470B-936E-0D0495711BCC}.Release|Any CPU.ActiveCfg = Release|Any CPU
		{247E9C84-86B7-470B-936E-0D0495711BCC}.Release|Any CPU.Build.0 = Release|Any CPU
	EndGlobalSection
	GlobalSection(SolutionProperties) = preSolution
		HideSolutionNode = FALSE
	EndGlobalSection
	GlobalSection(ExtensibilityGlobals) = postSolution
		SolutionGuid = {217BA2BB-781E-43ED-82DC-B2A31B489125}
	EndGlobalSection
EndGlobal
